// !$*UTF8*$!
{
	archiveVersion = 1;
	classes = {
	};
	objectVersion = 50;
	objects = {

/* Begin PBXBuildFile section */
		9AACA2E324C454FD0070B4B1 /* SOCAdd.m in Sources */ = {isa = PBXBuildFile; fileRef = A79D67C024BED25C00E2903C /* SOCAdd.m */; };
		9AB8D6AC24B9B78300515002 /* AppDelegate.m in Sources */ = {isa = PBXBuildFile; fileRef = 9AB8D6AB24B9B78300515002 /* AppDelegate.m */; };
		9AB8D6AF24B9B78300515002 /* SceneDelegate.m in Sources */ = {isa = PBXBuildFile; fileRef = 9AB8D6AE24B9B78300515002 /* SceneDelegate.m */; };
		9AB8D6B224B9B78300515002 /* ViewController.m in Sources */ = {isa = PBXBuildFile; fileRef = 9AB8D6B124B9B78300515002 /* ViewController.m */; };
		9AB8D6B524B9B78300515002 /* Main.storyboard in Resources */ = {isa = PBXBuildFile; fileRef = 9AB8D6B324B9B78300515002 /* Main.storyboard */; };
		9AB8D6B724B9B78A00515002 /* Assets.xcassets in Resources */ = {isa = PBXBuildFile; fileRef = 9AB8D6B624B9B78A00515002 /* Assets.xcassets */; };
		9AB8D6BA24B9B78A00515002 /* LaunchScreen.storyboard in Resources */ = {isa = PBXBuildFile; fileRef = 9AB8D6B824B9B78A00515002 /* LaunchScreen.storyboard */; };
		9AB8D6BD24B9B78A00515002 /* main.m in Sources */ = {isa = PBXBuildFile; fileRef = 9AB8D6BC24B9B78A00515002 /* main.m */; };
		9AB8D6C724B9B78B00515002 /* objc_iOSTests.m in Sources */ = {isa = PBXBuildFile; fileRef = 9AB8D6C624B9B78B00515002 /* objc_iOSTests.m */; };
		9AB8D6DD24B9B7EA00515002 /* Core.framework in Frameworks */ = {isa = PBXBuildFile; fileRef = 9AB8D6D424B9B7E900515002 /* Core.framework */; };
		9AB8D6E624B9B7EA00515002 /* Core.h in Headers */ = {isa = PBXBuildFile; fileRef = 9AB8D6D624B9B7E900515002 /* Core.h */; settings = {ATTRIBUTES = (Public, ); }; };
		9AB8D6E924B9B7EA00515002 /* Core.framework in Frameworks */ = {isa = PBXBuildFile; fileRef = 9AB8D6D424B9B7E900515002 /* Core.framework */; };
		9AB8D6EA24B9B7EA00515002 /* Core.framework in Embed Frameworks */ = {isa = PBXBuildFile; fileRef = 9AB8D6D424B9B7E900515002 /* Core.framework */; settings = {ATTRIBUTES = (CodeSignOnCopy, RemoveHeadersOnCopy, ); }; };
		9AFE9F9824B9B83D0040EAF7 /* MyMath.m in Sources */ = {isa = PBXBuildFile; fileRef = 9AFE9F9624B9B83D0040EAF7 /* MyMath.m */; };
		9AFE9F9924B9B83D0040EAF7 /* MyMath.h in Headers */ = {isa = PBXBuildFile; fileRef = 9AFE9F9724B9B83D0040EAF7 /* MyMath.h */; settings = {ATTRIBUTES = (Public, ); }; };
		9AFE9F9F24B9B8D90040EAF7 /* CoreTests.m in Sources */ = {isa = PBXBuildFile; fileRef = 9AFE9F9E24B9B8D90040EAF7 /* CoreTests.m */; };
		A720CEBA24C7DC0D00A6617D /* [03] Objective-C 的基本 C 語言型別.md in Resources */ = {isa = PBXBuildFile; fileRef = A720CEB924C7DC0D00A6617D /* [03] Objective-C 的基本 C 語言型別.md */; };
		A787CCB124D174720030B1A8 /* [05] Objective-C 的基本 C 語言 Function.md in Resources */ = {isa = PBXBuildFile; fileRef = A787CCB024D174720030B1A8 /* [05] Objective-C 的基本 C 語言 Function.md */; };
		A79D678724BECF8500E2903C /* main.m in Sources */ = {isa = PBXBuildFile; fileRef = A79D678624BECF8500E2903C /* main.m */; };
		A79D67C324BED28D00E2903C /* SOCsayHello.m in Sources */ = {isa = PBXBuildFile; fileRef = A79D67BD24BED25400E2903C /* SOCsayHello.m */; };
		A79D67C424BED29F00E2903C /* SOCAdd.h in Sources */ = {isa = PBXBuildFile; fileRef = A79D67C124BED25C00E2903C /* SOCAdd.h */; };
		A79D67C624BEFCDD00E2903C /* [02] Objective-C 的 C 語言部分.md in Resources */ = {isa = PBXBuildFile; fileRef = A79D67C524BEFCDC00E2903C /* [02] Objective-C 的 C 語言部分.md */; };
		A7FAF60A24C9394400458A91 /* [04] Objective-C 的基本 C 語言聚合型別.md in Resources */ = {isa = PBXBuildFile; fileRef = A7FAF60924C9394400458A91 /* [04] Objective-C 的基本 C 語言聚合型別.md */; };
/* End PBXBuildFile section */

/* Begin PBXContainerItemProxy section */
		9AB8D6C324B9B78B00515002 /* PBXContainerItemProxy */ = {
			isa = PBXContainerItemProxy;
			containerPortal = 9AB8D69D24B9B75C00515002 /* Project object */;
			proxyType = 1;
			remoteGlobalIDString = 9AB8D6A624B9B78300515002;
			remoteInfo = objc_iOS;
		};
		9AB8D6DE24B9B7EA00515002 /* PBXContainerItemProxy */ = {
			isa = PBXContainerItemProxy;
			containerPortal = 9AB8D69D24B9B75C00515002 /* Project object */;
			proxyType = 1;
			remoteGlobalIDString = 9AB8D6D324B9B7E900515002;
			remoteInfo = Core;
		};
		9AB8D6E024B9B7EA00515002 /* PBXContainerItemProxy */ = {
			isa = PBXContainerItemProxy;
			containerPortal = 9AB8D69D24B9B75C00515002 /* Project object */;
			proxyType = 1;
			remoteGlobalIDString = 9AB8D6A624B9B78300515002;
			remoteInfo = objc_iOS;
		};
		9AB8D6E724B9B7EA00515002 /* PBXContainerItemProxy */ = {
			isa = PBXContainerItemProxy;
			containerPortal = 9AB8D69D24B9B75C00515002 /* Project object */;
			proxyType = 1;
			remoteGlobalIDString = 9AB8D6D324B9B7E900515002;
			remoteInfo = Core;
		};
/* End PBXContainerItemProxy section */

/* Begin PBXCopyFilesBuildPhase section */
		9AB8D6EE24B9B7EA00515002 /* Embed Frameworks */ = {
			isa = PBXCopyFilesBuildPhase;
			buildActionMask = 2147483647;
			dstPath = "";
			dstSubfolderSpec = 10;
			files = (
				9AB8D6EA24B9B7EA00515002 /* Core.framework in Embed Frameworks */,
			);
			name = "Embed Frameworks";
			runOnlyForDeploymentPostprocessing = 0;
		};
		A79D678224BECF8500E2903C /* CopyFiles */ = {
			isa = PBXCopyFilesBuildPhase;
			buildActionMask = 2147483647;
			dstPath = /usr/share/man/man1/;
			dstSubfolderSpec = 0;
			files = (
			);
			runOnlyForDeploymentPostprocessing = 1;
		};
/* End PBXCopyFilesBuildPhase section */

/* Begin PBXFileReference section */
		9AA4C20524BB10E800A073F4 /* [01]關於這個系列與介紹.md */ = {isa = PBXFileReference; lastKnownFileType = net.daringfireball.markdown; path = "[01]關於這個系列與介紹.md"; sourceTree = "<group>"; };
		9AA6743C24B9E9B400091283 /* FUNDING.yml */ = {isa = PBXFileReference; fileEncoding = 4; lastKnownFileType = text.yaml; path = FUNDING.yml; sourceTree = "<group>"; };
		9AA6743E24B9E9B400091283 /* Article_change.md */ = {isa = PBXFileReference; fileEncoding = 4; lastKnownFileType = net.daringfireball.markdown; path = Article_change.md; sourceTree = "<group>"; };
		9AA675D324B9E9CA00091283 /* .gitignore */ = {isa = PBXFileReference; fileEncoding = 4; lastKnownFileType = text; path = .gitignore; sourceTree = "<group>"; };
		9AB8D6A724B9B78300515002 /* objc_iOS.app */ = {isa = PBXFileReference; explicitFileType = wrapper.application; includeInIndex = 0; path = objc_iOS.app; sourceTree = BUILT_PRODUCTS_DIR; };
		9AB8D6AA24B9B78300515002 /* AppDelegate.h */ = {isa = PBXFileReference; lastKnownFileType = sourcecode.c.h; path = AppDelegate.h; sourceTree = "<group>"; };
		9AB8D6AB24B9B78300515002 /* AppDelegate.m */ = {isa = PBXFileReference; lastKnownFileType = sourcecode.c.objc; path = AppDelegate.m; sourceTree = "<group>"; };
		9AB8D6AD24B9B78300515002 /* SceneDelegate.h */ = {isa = PBXFileReference; lastKnownFileType = sourcecode.c.h; path = SceneDelegate.h; sourceTree = "<group>"; };
		9AB8D6AE24B9B78300515002 /* SceneDelegate.m */ = {isa = PBXFileReference; lastKnownFileType = sourcecode.c.objc; path = SceneDelegate.m; sourceTree = "<group>"; };
		9AB8D6B024B9B78300515002 /* ViewController.h */ = {isa = PBXFileReference; lastKnownFileType = sourcecode.c.h; path = ViewController.h; sourceTree = "<group>"; };
		9AB8D6B124B9B78300515002 /* ViewController.m */ = {isa = PBXFileReference; lastKnownFileType = sourcecode.c.objc; path = ViewController.m; sourceTree = "<group>"; };
		9AB8D6B424B9B78300515002 /* Base */ = {isa = PBXFileReference; lastKnownFileType = file.storyboard; name = Base; path = Base.lproj/Main.storyboard; sourceTree = "<group>"; };
		9AB8D6B624B9B78A00515002 /* Assets.xcassets */ = {isa = PBXFileReference; lastKnownFileType = folder.assetcatalog; path = Assets.xcassets; sourceTree = "<group>"; };
		9AB8D6B924B9B78A00515002 /* Base */ = {isa = PBXFileReference; lastKnownFileType = file.storyboard; name = Base; path = Base.lproj/LaunchScreen.storyboard; sourceTree = "<group>"; };
		9AB8D6BB24B9B78A00515002 /* Info.plist */ = {isa = PBXFileReference; lastKnownFileType = text.plist.xml; path = Info.plist; sourceTree = "<group>"; };
		9AB8D6BC24B9B78A00515002 /* main.m */ = {isa = PBXFileReference; lastKnownFileType = sourcecode.c.objc; path = main.m; sourceTree = "<group>"; };
		9AB8D6C224B9B78B00515002 /* objc_iOSTests.xctest */ = {isa = PBXFileReference; explicitFileType = wrapper.cfbundle; includeInIndex = 0; path = objc_iOSTests.xctest; sourceTree = BUILT_PRODUCTS_DIR; };
		9AB8D6C624B9B78B00515002 /* objc_iOSTests.m */ = {isa = PBXFileReference; lastKnownFileType = sourcecode.c.objc; path = objc_iOSTests.m; sourceTree = "<group>"; };
		9AB8D6C824B9B78B00515002 /* Info.plist */ = {isa = PBXFileReference; lastKnownFileType = text.plist.xml; path = Info.plist; sourceTree = "<group>"; };
		9AB8D6D424B9B7E900515002 /* Core.framework */ = {isa = PBXFileReference; explicitFileType = wrapper.framework; includeInIndex = 0; path = Core.framework; sourceTree = BUILT_PRODUCTS_DIR; };
		9AB8D6D624B9B7E900515002 /* Core.h */ = {isa = PBXFileReference; lastKnownFileType = sourcecode.c.h; path = Core.h; sourceTree = "<group>"; };
		9AB8D6D724B9B7E900515002 /* Info.plist */ = {isa = PBXFileReference; lastKnownFileType = text.plist.xml; path = Info.plist; sourceTree = "<group>"; };
		9AB8D6DC24B9B7E900515002 /* CoreTests.xctest */ = {isa = PBXFileReference; explicitFileType = wrapper.cfbundle; includeInIndex = 0; path = CoreTests.xctest; sourceTree = BUILT_PRODUCTS_DIR; };
		9AB8D6E524B9B7EA00515002 /* Info.plist */ = {isa = PBXFileReference; lastKnownFileType = text.plist.xml; path = Info.plist; sourceTree = "<group>"; };
		9AD4FB212504CAFE00DB1F00 /* [07] Objective-C 的基本 C 語言 library 使用.md */ = {isa = PBXFileReference; lastKnownFileType = net.daringfireball.markdown; path = "[07] Objective-C 的基本 C 語言 library 使用.md"; sourceTree = "<group>"; };
		9AD4FB242504FA4C00DB1F00 /* [08] Objective-C 的基本困難 C 語言 malloc、free .md */ = {isa = PBXFileReference; lastKnownFileType = net.daringfireball.markdown; path = "[08] Objective-C 的基本困難 C 語言 malloc、free .md"; sourceTree = "<group>"; };
		9AD4FB252504FB9C00DB1F00 /* [10]  Objective-C 的基本困難 C 語言 Preprocessor.md */ = {isa = PBXFileReference; lastKnownFileType = net.daringfireball.markdown; path = "[10]  Objective-C 的基本困難 C 語言 Preprocessor.md"; sourceTree = "<group>"; };
		9AD4FB262504FBE800DB1F00 /* [09] Objective-C 的基本困難 C 語言 自定義 Header.md */ = {isa = PBXFileReference; lastKnownFileType = net.daringfireball.markdown; path = "[09] Objective-C 的基本困難 C 語言 自定義 Header.md"; sourceTree = "<group>"; };
		9AECB796250E623B00125025 /* [17] Objective-C 物件的Protocol 與 type casting.md */ = {isa = PBXFileReference; lastKnownFileType = net.daringfireball.markdown; path = "[17] Objective-C 物件的Protocol 與 type casting.md"; sourceTree = "<group>"; };
		9AECB797250E623B00125025 /* [20] Objective-C 物件的特殊 Selector.md */ = {isa = PBXFileReference; lastKnownFileType = net.daringfireball.markdown; path = "[20] Objective-C 物件的特殊 Selector.md"; sourceTree = "<group>"; };
		9AECB798250E623B00125025 /* [19] Objective-C 物件的特殊 Block.md */ = {isa = PBXFileReference; lastKnownFileType = net.daringfireball.markdown; path = "[19] Objective-C 物件的特殊 Block.md"; sourceTree = "<group>"; };
		9AECB799250E623B00125025 /* [18] Objective-C 物件的extension 與 Categories.md */ = {isa = PBXFileReference; lastKnownFileType = net.daringfireball.markdown; path = "[18] Objective-C 物件的extension 與 Categories.md"; sourceTree = "<group>"; };
		9AECB79A250E623B00125025 /* [11] Objective-C 物件的的編寫.md */ = {isa = PBXFileReference; lastKnownFileType = net.daringfireball.markdown; path = "[11] Objective-C 物件的的編寫.md"; sourceTree = "<group>"; };
		9AECB79B250E623B00125025 /* [15] Objective-C 物件的泛型.md */ = {isa = PBXFileReference; lastKnownFileType = net.daringfireball.markdown; path = "[15] Objective-C 物件的泛型.md"; sourceTree = "<group>"; };
		9AECB79C250E623B00125025 /* [12] Objective-C 物件的封裝.md */ = {isa = PBXFileReference; lastKnownFileType = net.daringfireball.markdown; path = "[12] Objective-C 物件的封裝.md"; sourceTree = "<group>"; };
		9AECB79D250E623B00125025 /* [16] Objective-C 物件的Optional chaining.md */ = {isa = PBXFileReference; lastKnownFileType = net.daringfireball.markdown; path = "[16] Objective-C 物件的Optional chaining.md"; sourceTree = "<group>"; };
		9AECB79E250E623C00125025 /* [14] Objective-C 物件的多型.md */ = {isa = PBXFileReference; lastKnownFileType = net.daringfireball.markdown; path = "[14] Objective-C 物件的多型.md"; sourceTree = "<group>"; };
		9AECB79F250E623C00125025 /* [13] Objective-C 物件的繼承.md */ = {isa = PBXFileReference; lastKnownFileType = net.daringfireball.markdown; path = "[13] Objective-C 物件的繼承.md"; sourceTree = "<group>"; };
		9AFE9F9624B9B83D0040EAF7 /* MyMath.m */ = {isa = PBXFileReference; fileEncoding = 4; lastKnownFileType = sourcecode.c.objc; path = MyMath.m; sourceTree = "<group>"; };
		9AFE9F9724B9B83D0040EAF7 /* MyMath.h */ = {isa = PBXFileReference; fileEncoding = 4; lastKnownFileType = sourcecode.c.h; path = MyMath.h; sourceTree = "<group>"; };
		9AFE9F9E24B9B8D90040EAF7 /* CoreTests.m */ = {isa = PBXFileReference; fileEncoding = 4; lastKnownFileType = sourcecode.c.objc; path = CoreTests.m; sourceTree = "<group>"; };
		9AFE9FA024B9BD800040EAF7 /* README.md */ = {isa = PBXFileReference; lastKnownFileType = net.daringfireball.markdown; path = README.md; sourceTree = "<group>"; };
		9AFE9FA224B9C3090040EAF7 /* README.md */ = {isa = PBXFileReference; lastKnownFileType = net.daringfireball.markdown; path = README.md; sourceTree = "<group>"; };
		A720CEB924C7DC0D00A6617D /* [03] Objective-C 的基本 C 語言型別.md */ = {isa = PBXFileReference; fileEncoding = 4; lastKnownFileType = net.daringfireball.markdown; path = "[03] Objective-C 的基本 C 語言型別.md"; sourceTree = "<group>"; };
		A787CCB024D174720030B1A8 /* [05] Objective-C 的基本 C 語言 Function.md */ = {isa = PBXFileReference; fileEncoding = 4; lastKnownFileType = net.daringfireball.markdown; path = "[05] Objective-C 的基本 C 語言 Function.md"; sourceTree = "<group>"; };
		A79D678424BECF8500E2903C /* Basic C main */ = {isa = PBXFileReference; explicitFileType = "compiled.mach-o.executable"; includeInIndex = 0; path = "Basic C main"; sourceTree = BUILT_PRODUCTS_DIR; };
		A79D678624BECF8500E2903C /* main.m */ = {isa = PBXFileReference; lastKnownFileType = sourcecode.c.objc; path = main.m; sourceTree = "<group>"; };
		A79D67BA24BED24800E2903C /* Makefile */ = {isa = PBXFileReference; fileEncoding = 4; lastKnownFileType = sourcecode.make; path = Makefile; sourceTree = "<group>"; };
		A79D67BD24BED25400E2903C /* SOCsayHello.m */ = {isa = PBXFileReference; fileEncoding = 4; lastKnownFileType = sourcecode.c.objc; path = SOCsayHello.m; sourceTree = "<group>"; };
		A79D67C024BED25C00E2903C /* SOCAdd.m */ = {isa = PBXFileReference; fileEncoding = 4; lastKnownFileType = sourcecode.c.objc; path = SOCAdd.m; sourceTree = "<group>"; };
		A79D67C124BED25C00E2903C /* SOCAdd.h */ = {isa = PBXFileReference; fileEncoding = 4; lastKnownFileType = sourcecode.c.h; path = SOCAdd.h; sourceTree = "<group>"; };
		A79D67C524BEFCDC00E2903C /* [02] Objective-C 的 C 語言部分.md */ = {isa = PBXFileReference; fileEncoding = 4; lastKnownFileType = net.daringfireball.markdown; path = "[02] Objective-C 的 C 語言部分.md"; sourceTree = "<group>"; };
		A7BA6EAE24F2485E0024205A /* [06] Objective-C 的基本 C 語言 control flow.md */ = {isa = PBXFileReference; lastKnownFileType = net.daringfireball.markdown; path = "[06] Objective-C 的基本 C 語言 control flow.md"; sourceTree = "<group>"; };
		A7FAF60924C9394400458A91 /* [04] Objective-C 的基本 C 語言聚合型別.md */ = {isa = PBXFileReference; fileEncoding = 4; lastKnownFileType = net.daringfireball.markdown; path = "[04] Objective-C 的基本 C 語言聚合型別.md"; sourceTree = "<group>"; };
		A7FCD22625248F470063DAD8 /* [22] Objective-C.md */ = {isa = PBXFileReference; lastKnownFileType = net.daringfireball.markdown; path = "[22] Objective-C.md"; sourceTree = "<group>"; };
		A7FCD22725248F470063DAD8 /* [25] Objective-C.md */ = {isa = PBXFileReference; lastKnownFileType = net.daringfireball.markdown; path = "[25] Objective-C.md"; sourceTree = "<group>"; };
		A7FCD22825248F470063DAD8 /* [30] Objective-C.md */ = {isa = PBXFileReference; lastKnownFileType = net.daringfireball.markdown; path = "[30] Objective-C.md"; sourceTree = "<group>"; };
		A7FCD22925248F480063DAD8 /* [23] Objective-C.md */ = {isa = PBXFileReference; lastKnownFileType = net.daringfireball.markdown; path = "[23] Objective-C.md"; sourceTree = "<group>"; };
		A7FCD22A25248F480063DAD8 /* [27] Objective-C.md */ = {isa = PBXFileReference; lastKnownFileType = net.daringfireball.markdown; path = "[27] Objective-C.md"; sourceTree = "<group>"; };
		A7FCD22B25248F480063DAD8 /* [26] Objective-C.md */ = {isa = PBXFileReference; lastKnownFileType = net.daringfireball.markdown; path = "[26] Objective-C.md"; sourceTree = "<group>"; };
		A7FCD22C25248F480063DAD8 /* [28] Objective-C.md */ = {isa = PBXFileReference; lastKnownFileType = net.daringfireball.markdown; path = "[28] Objective-C.md"; sourceTree = "<group>"; };
		A7FCD22D25248F480063DAD8 /* [24] Objective-C.md */ = {isa = PBXFileReference; lastKnownFileType = net.daringfireball.markdown; path = "[24] Objective-C.md"; sourceTree = "<group>"; };
		A7FCD22E25248F480063DAD8 /* [21] Objective-C.md */ = {isa = PBXFileReference; lastKnownFileType = net.daringfireball.markdown; path = "[21] Objective-C.md"; sourceTree = "<group>"; };
		A7FCD22F25248F480063DAD8 /* [29] Objective-C.md */ = {isa = PBXFileReference; lastKnownFileType = net.daringfireball.markdown; path = "[29] Objective-C.md"; sourceTree = "<group>"; };
/* End PBXFileReference section */

/* Begin PBXFrameworksBuildPhase section */
		9AB8D6A424B9B78300515002 /* Frameworks */ = {
			isa = PBXFrameworksBuildPhase;
			buildActionMask = 2147483647;
			files = (
				9AB8D6E924B9B7EA00515002 /* Core.framework in Frameworks */,
			);
			runOnlyForDeploymentPostprocessing = 0;
		};
		9AB8D6BF24B9B78B00515002 /* Frameworks */ = {
			isa = PBXFrameworksBuildPhase;
			buildActionMask = 2147483647;
			files = (
			);
			runOnlyForDeploymentPostprocessing = 0;
		};
		9AB8D6D124B9B7E900515002 /* Frameworks */ = {
			isa = PBXFrameworksBuildPhase;
			buildActionMask = 2147483647;
			files = (
			);
			runOnlyForDeploymentPostprocessing = 0;
		};
		9AB8D6D924B9B7E900515002 /* Frameworks */ = {
			isa = PBXFrameworksBuildPhase;
			buildActionMask = 2147483647;
			files = (
				9AB8D6DD24B9B7EA00515002 /* Core.framework in Frameworks */,
			);
			runOnlyForDeploymentPostprocessing = 0;
		};
		A79D678124BECF8500E2903C /* Frameworks */ = {
			isa = PBXFrameworksBuildPhase;
			buildActionMask = 2147483647;
			files = (
			);
			runOnlyForDeploymentPostprocessing = 0;
		};
/* End PBXFrameworksBuildPhase section */

/* Begin PBXGroup section */
		9AA6743B24B9E9B400091283 /* .github */ = {
			isa = PBXGroup;
			children = (
				9AA6743C24B9E9B400091283 /* FUNDING.yml */,
				9AA6743D24B9E9B400091283 /* ISSUE_TEMPLATE */,
			);
			path = .github;
			sourceTree = "<group>";
		};
		9AA6743D24B9E9B400091283 /* ISSUE_TEMPLATE */ = {
			isa = PBXGroup;
			children = (
				9AA6743E24B9E9B400091283 /* Article_change.md */,
			);
			path = ISSUE_TEMPLATE;
			sourceTree = "<group>";
		};
		9AA675D524B9EA3E00091283 /* iOS */ = {
			isa = PBXGroup;
			children = (
				9AB8D6A924B9B78300515002 /* objc_iOS */,
				9AB8D6C524B9B78B00515002 /* objc_iOSTests */,
			);
			path = iOS;
			sourceTree = "<group>";
		};
		9AA675D624B9EA6600091283 /* Frameworks */ = {
			isa = PBXGroup;
			children = (
				9AB8D6D524B9B7E900515002 /* Core */,
				9AB8D6E224B9B7EA00515002 /* CoreTests */,
			);
			path = Frameworks;
			sourceTree = "<group>";
		};
		9AB8D69C24B9B75C00515002 = {
			isa = PBXGroup;
			children = (
				9AA675D324B9E9CA00091283 /* .gitignore */,
				9AA6743B24B9E9B400091283 /* .github */,
				9AFE9FA024B9BD800040EAF7 /* README.md */,
				9AFE9FA124B9C2DD0040EAF7 /* Articles */,
				9AA675D524B9EA3E00091283 /* iOS */,
				A79D678524BECF8500E2903C /* Basic C main */,
				9AA675D624B9EA6600091283 /* Frameworks */,
				9AB8D6A824B9B78300515002 /* Products */,
			);
			sourceTree = "<group>";
		};
		9AB8D6A824B9B78300515002 /* Products */ = {
			isa = PBXGroup;
			children = (
				9AB8D6A724B9B78300515002 /* objc_iOS.app */,
				9AB8D6C224B9B78B00515002 /* objc_iOSTests.xctest */,
				9AB8D6D424B9B7E900515002 /* Core.framework */,
				9AB8D6DC24B9B7E900515002 /* CoreTests.xctest */,
				A79D678424BECF8500E2903C /* Basic C main */,
			);
			name = Products;
			sourceTree = "<group>";
		};
		9AB8D6A924B9B78300515002 /* objc_iOS */ = {
			isa = PBXGroup;
			children = (
				9AB8D6AA24B9B78300515002 /* AppDelegate.h */,
				9AB8D6AB24B9B78300515002 /* AppDelegate.m */,
				9AB8D6AD24B9B78300515002 /* SceneDelegate.h */,
				9AB8D6AE24B9B78300515002 /* SceneDelegate.m */,
				9AB8D6B024B9B78300515002 /* ViewController.h */,
				9AB8D6B124B9B78300515002 /* ViewController.m */,
				9AB8D6B324B9B78300515002 /* Main.storyboard */,
				9AB8D6B624B9B78A00515002 /* Assets.xcassets */,
				9AB8D6B824B9B78A00515002 /* LaunchScreen.storyboard */,
				9AB8D6BB24B9B78A00515002 /* Info.plist */,
				9AB8D6BC24B9B78A00515002 /* main.m */,
			);
			path = objc_iOS;
			sourceTree = "<group>";
		};
		9AB8D6C524B9B78B00515002 /* objc_iOSTests */ = {
			isa = PBXGroup;
			children = (
				9AB8D6C624B9B78B00515002 /* objc_iOSTests.m */,
				9AB8D6C824B9B78B00515002 /* Info.plist */,
			);
			path = objc_iOSTests;
			sourceTree = "<group>";
		};
		9AB8D6D524B9B7E900515002 /* Core */ = {
			isa = PBXGroup;
			children = (
				9AB8D6D624B9B7E900515002 /* Core.h */,
				9AFE9F9524B9B83D0040EAF7 /* Math */,
				9AB8D6D724B9B7E900515002 /* Info.plist */,
			);
			path = Core;
			sourceTree = "<group>";
		};
		9AB8D6E224B9B7EA00515002 /* CoreTests */ = {
			isa = PBXGroup;
			children = (
				9AFE9F9E24B9B8D90040EAF7 /* CoreTests.m */,
				9AB8D6E524B9B7EA00515002 /* Info.plist */,
			);
			path = CoreTests;
			sourceTree = "<group>";
		};
		9AFE9F9524B9B83D0040EAF7 /* Math */ = {
			isa = PBXGroup;
			children = (
				9AFE9F9624B9B83D0040EAF7 /* MyMath.m */,
				9AFE9F9724B9B83D0040EAF7 /* MyMath.h */,
			);
			path = Math;
			sourceTree = "<group>";
		};
		9AFE9FA124B9C2DD0040EAF7 /* Articles */ = {
			isa = PBXGroup;
			children = (
				9AFE9FA224B9C3090040EAF7 /* README.md */,
				9AA4C20524BB10E800A073F4 /* [01]關於這個系列與介紹.md */,
				A79D67C524BEFCDC00E2903C /* [02] Objective-C 的 C 語言部分.md */,
				A720CEB924C7DC0D00A6617D /* [03] Objective-C 的基本 C 語言型別.md */,
				A7FAF60924C9394400458A91 /* [04] Objective-C 的基本 C 語言聚合型別.md */,
				A787CCB024D174720030B1A8 /* [05] Objective-C 的基本 C 語言 Function.md */,
				A7BA6EAE24F2485E0024205A /* [06] Objective-C 的基本 C 語言 control flow.md */,
				9AD4FB212504CAFE00DB1F00 /* [07] Objective-C 的基本 C 語言 library 使用.md */,
				9AD4FB242504FA4C00DB1F00 /* [08] Objective-C 的基本困難 C 語言 malloc、free .md */,
				9AD4FB262504FBE800DB1F00 /* [09] Objective-C 的基本困難 C 語言 自定義 Header.md */,
				9AD4FB252504FB9C00DB1F00 /* [10]  Objective-C 的基本困難 C 語言 Preprocessor.md */,
				9AECB79A250E623B00125025 /* [11] Objective-C 物件的的編寫.md */,
				9AECB79C250E623B00125025 /* [12] Objective-C 物件的封裝.md */,
				9AECB79F250E623C00125025 /* [13] Objective-C 物件的繼承.md */,
				9AECB79E250E623C00125025 /* [14] Objective-C 物件的多型.md */,
				9AECB79B250E623B00125025 /* [15] Objective-C 物件的泛型.md */,
				9AECB79D250E623B00125025 /* [16] Objective-C 物件的Optional chaining.md */,
				9AECB796250E623B00125025 /* [17] Objective-C 物件的Protocol 與 type casting.md */,
				9AECB799250E623B00125025 /* [18] Objective-C 物件的extension 與 Categories.md */,
				9AECB798250E623B00125025 /* [19] Objective-C 物件的特殊 Block.md */,
				9AECB797250E623B00125025 /* [20] Objective-C 物件的特殊 Selector.md */,
				A7FCD22E25248F480063DAD8 /* [21] Objective-C.md */,
				A7FCD22625248F470063DAD8 /* [22] Objective-C.md */,
				A7FCD22925248F480063DAD8 /* [23] Objective-C.md */,
				A7FCD22D25248F480063DAD8 /* [24] Objective-C.md */,
				A7FCD22725248F470063DAD8 /* [25] Objective-C.md */,
				A7FCD22B25248F480063DAD8 /* [26] Objective-C.md */,
				A7FCD22A25248F480063DAD8 /* [27] Objective-C.md */,
				A7FCD22C25248F480063DAD8 /* [28] Objective-C.md */,
				A7FCD22F25248F480063DAD8 /* [29] Objective-C.md */,
				A7FCD22825248F470063DAD8 /* [30] Objective-C.md */,
			);
			path = Articles;
			sourceTree = "<group>";
		};
		A79D677F24BECF5500E2903C /* Basic */ = {
			isa = PBXGroup;
			children = (
				A79D67BC24BED25400E2903C /* 01Helloworld */,
				A79D67BF24BED25C00E2903C /* 02HeaderUsage */,
			);
			path = Basic;
			sourceTree = "<group>";
		};
		A79D678524BECF8500E2903C /* Basic C main */ = {
			isa = PBXGroup;
			children = (
				A79D677F24BECF5500E2903C /* Basic */,
				A79D678624BECF8500E2903C /* main.m */,
				A79D67BA24BED24800E2903C /* Makefile */,
			);
			path = "Basic C main";
			sourceTree = "<group>";
		};
		A79D67BC24BED25400E2903C /* 01Helloworld */ = {
			isa = PBXGroup;
			children = (
				A79D67BD24BED25400E2903C /* SOCsayHello.m */,
			);
			path = 01Helloworld;
			sourceTree = "<group>";
		};
		A79D67BF24BED25C00E2903C /* 02HeaderUsage */ = {
			isa = PBXGroup;
			children = (
				A79D67C124BED25C00E2903C /* SOCAdd.h */,
				A79D67C024BED25C00E2903C /* SOCAdd.m */,
			);
			path = 02HeaderUsage;
			sourceTree = "<group>";
		};
/* End PBXGroup section */

/* Begin PBXHeadersBuildPhase section */
		9AB8D6CF24B9B7E900515002 /* Headers */ = {
			isa = PBXHeadersBuildPhase;
			buildActionMask = 2147483647;
			files = (
				9AFE9F9924B9B83D0040EAF7 /* MyMath.h in Headers */,
				9AB8D6E624B9B7EA00515002 /* Core.h in Headers */,
			);
			runOnlyForDeploymentPostprocessing = 0;
		};
/* End PBXHeadersBuildPhase section */

/* Begin PBXNativeTarget section */
		9AB8D6A624B9B78300515002 /* objc_iOS */ = {
			isa = PBXNativeTarget;
			buildConfigurationList = 9AB8D6C924B9B78B00515002 /* Build configuration list for PBXNativeTarget "objc_iOS" */;
			buildPhases = (
				9AB8D6A324B9B78300515002 /* Sources */,
				9AB8D6A424B9B78300515002 /* Frameworks */,
				9AB8D6A524B9B78300515002 /* Resources */,
				9AB8D6EE24B9B7EA00515002 /* Embed Frameworks */,
			);
			buildRules = (
			);
			dependencies = (
				9AB8D6E824B9B7EA00515002 /* PBXTargetDependency */,
			);
			name = objc_iOS;
			productName = objc_iOS;
			productReference = 9AB8D6A724B9B78300515002 /* objc_iOS.app */;
			productType = "com.apple.product-type.application";
		};
		9AB8D6C124B9B78B00515002 /* objc_iOSTests */ = {
			isa = PBXNativeTarget;
			buildConfigurationList = 9AB8D6CC24B9B78B00515002 /* Build configuration list for PBXNativeTarget "objc_iOSTests" */;
			buildPhases = (
				9AB8D6BE24B9B78B00515002 /* Sources */,
				9AB8D6BF24B9B78B00515002 /* Frameworks */,
				9AB8D6C024B9B78B00515002 /* Resources */,
			);
			buildRules = (
			);
			dependencies = (
				9AB8D6C424B9B78B00515002 /* PBXTargetDependency */,
			);
			name = objc_iOSTests;
			productName = objc_iOSTests;
			productReference = 9AB8D6C224B9B78B00515002 /* objc_iOSTests.xctest */;
			productType = "com.apple.product-type.bundle.unit-test";
		};
		9AB8D6D324B9B7E900515002 /* Core */ = {
			isa = PBXNativeTarget;
			buildConfigurationList = 9AB8D6EB24B9B7EA00515002 /* Build configuration list for PBXNativeTarget "Core" */;
			buildPhases = (
				9AB8D6CF24B9B7E900515002 /* Headers */,
				9AB8D6D024B9B7E900515002 /* Sources */,
				9AB8D6D124B9B7E900515002 /* Frameworks */,
				9AB8D6D224B9B7E900515002 /* Resources */,
			);
			buildRules = (
			);
			dependencies = (
			);
			name = Core;
			productName = Core;
			productReference = 9AB8D6D424B9B7E900515002 /* Core.framework */;
			productType = "com.apple.product-type.framework";
		};
		9AB8D6DB24B9B7E900515002 /* CoreTests */ = {
			isa = PBXNativeTarget;
			buildConfigurationList = 9AB8D6EF24B9B7EA00515002 /* Build configuration list for PBXNativeTarget "CoreTests" */;
			buildPhases = (
				9AB8D6D824B9B7E900515002 /* Sources */,
				9AB8D6D924B9B7E900515002 /* Frameworks */,
				9AB8D6DA24B9B7E900515002 /* Resources */,
			);
			buildRules = (
			);
			dependencies = (
				9AB8D6DF24B9B7EA00515002 /* PBXTargetDependency */,
				9AB8D6E124B9B7EA00515002 /* PBXTargetDependency */,
			);
			name = CoreTests;
			productName = CoreTests;
			productReference = 9AB8D6DC24B9B7E900515002 /* CoreTests.xctest */;
			productType = "com.apple.product-type.bundle.unit-test";
		};
		A79D678324BECF8500E2903C /* Basic C main */ = {
			isa = PBXNativeTarget;
			buildConfigurationList = A79D678824BECF8500E2903C /* Build configuration list for PBXNativeTarget "Basic C main" */;
			buildPhases = (
				A79D678024BECF8500E2903C /* Sources */,
				A79D678124BECF8500E2903C /* Frameworks */,
				A79D678224BECF8500E2903C /* CopyFiles */,
			);
			buildRules = (
			);
			dependencies = (
			);
			name = "Basic C main";
			productName = "Basic C main";
			productReference = A79D678424BECF8500E2903C /* Basic C main */;
			productType = "com.apple.product-type.tool";
		};
/* End PBXNativeTarget section */

/* Begin PBXProject section */
		9AB8D69D24B9B75C00515002 /* Project object */ = {
			isa = PBXProject;
			attributes = {
				LastUpgradeCheck = 1200;
				TargetAttributes = {
					9AB8D6A624B9B78300515002 = {
						CreatedOnToolsVersion = 11.5;
					};
					9AB8D6C124B9B78B00515002 = {
						CreatedOnToolsVersion = 11.5;
						TestTargetID = 9AB8D6A624B9B78300515002;
					};
					9AB8D6D324B9B7E900515002 = {
						CreatedOnToolsVersion = 11.5;
					};
					9AB8D6DB24B9B7E900515002 = {
						CreatedOnToolsVersion = 11.5;
						TestTargetID = 9AB8D6A624B9B78300515002;
					};
					A79D678324BECF8500E2903C = {
						CreatedOnToolsVersion = 11.5;
					};
				};
			};
			buildConfigurationList = 9AB8D6A024B9B75C00515002 /* Build configuration list for PBXProject "itHelp_Objc" */;
			compatibilityVersion = "Xcode 9.3";
			developmentRegion = en;
			hasScannedForEncodings = 0;
			knownRegions = (
				en,
				Base,
			);
			mainGroup = 9AB8D69C24B9B75C00515002;
			productRefGroup = 9AB8D6A824B9B78300515002 /* Products */;
			projectDirPath = "";
			projectRoot = "";
			targets = (
				9AB8D6A624B9B78300515002 /* objc_iOS */,
				9AB8D6C124B9B78B00515002 /* objc_iOSTests */,
				9AB8D6D324B9B7E900515002 /* Core */,
				9AB8D6DB24B9B7E900515002 /* CoreTests */,
				A79D678324BECF8500E2903C /* Basic C main */,
			);
		};
/* End PBXProject section */

/* Begin PBXResourcesBuildPhase section */
		9AB8D6A524B9B78300515002 /* Resources */ = {
			isa = PBXResourcesBuildPhase;
			buildActionMask = 2147483647;
			files = (
				A720CEBA24C7DC0D00A6617D /* [03] Objective-C 的基本 C 語言型別.md in Resources */,
				9AB8D6BA24B9B78A00515002 /* LaunchScreen.storyboard in Resources */,
				A7FAF60A24C9394400458A91 /* [04] Objective-C 的基本 C 語言聚合型別.md in Resources */,
				9AB8D6B724B9B78A00515002 /* Assets.xcassets in Resources */,
				9AB8D6B524B9B78300515002 /* Main.storyboard in Resources */,
				A787CCB124D174720030B1A8 /* [05] Objective-C 的基本 C 語言 Function.md in Resources */,
				A79D67C624BEFCDD00E2903C /* [02] Objective-C 的 C 語言部分.md in Resources */,
			);
			runOnlyForDeploymentPostprocessing = 0;
		};
		9AB8D6C024B9B78B00515002 /* Resources */ = {
			isa = PBXResourcesBuildPhase;
			buildActionMask = 2147483647;
			files = (
			);
			runOnlyForDeploymentPostprocessing = 0;
		};
		9AB8D6D224B9B7E900515002 /* Resources */ = {
			isa = PBXResourcesBuildPhase;
			buildActionMask = 2147483647;
			files = (
			);
			runOnlyForDeploymentPostprocessing = 0;
		};
		9AB8D6DA24B9B7E900515002 /* Resources */ = {
			isa = PBXResourcesBuildPhase;
			buildActionMask = 2147483647;
			files = (
			);
			runOnlyForDeploymentPostprocessing = 0;
		};
/* End PBXResourcesBuildPhase section */

/* Begin PBXSourcesBuildPhase section */
		9AB8D6A324B9B78300515002 /* Sources */ = {
			isa = PBXSourcesBuildPhase;
			buildActionMask = 2147483647;
			files = (
				9AB8D6B224B9B78300515002 /* ViewController.m in Sources */,
				9AB8D6AC24B9B78300515002 /* AppDelegate.m in Sources */,
				9AB8D6BD24B9B78A00515002 /* main.m in Sources */,
				9AB8D6AF24B9B78300515002 /* SceneDelegate.m in Sources */,
			);
			runOnlyForDeploymentPostprocessing = 0;
		};
		9AB8D6BE24B9B78B00515002 /* Sources */ = {
			isa = PBXSourcesBuildPhase;
			buildActionMask = 2147483647;
			files = (
				9AB8D6C724B9B78B00515002 /* objc_iOSTests.m in Sources */,
			);
			runOnlyForDeploymentPostprocessing = 0;
		};
		9AB8D6D024B9B7E900515002 /* Sources */ = {
			isa = PBXSourcesBuildPhase;
			buildActionMask = 2147483647;
			files = (
				9AFE9F9824B9B83D0040EAF7 /* MyMath.m in Sources */,
			);
			runOnlyForDeploymentPostprocessing = 0;
		};
		9AB8D6D824B9B7E900515002 /* Sources */ = {
			isa = PBXSourcesBuildPhase;
			buildActionMask = 2147483647;
			files = (
				9AFE9F9F24B9B8D90040EAF7 /* CoreTests.m in Sources */,
			);
			runOnlyForDeploymentPostprocessing = 0;
		};
		A79D678024BECF8500E2903C /* Sources */ = {
			isa = PBXSourcesBuildPhase;
			buildActionMask = 2147483647;
			files = (
				9AACA2E324C454FD0070B4B1 /* SOCAdd.m in Sources */,
				A79D67C424BED29F00E2903C /* SOCAdd.h in Sources */,
				A79D678724BECF8500E2903C /* main.m in Sources */,
				A79D67C324BED28D00E2903C /* SOCsayHello.m in Sources */,
			);
			runOnlyForDeploymentPostprocessing = 0;
		};
/* End PBXSourcesBuildPhase section */

/* Begin PBXTargetDependency section */
		9AB8D6C424B9B78B00515002 /* PBXTargetDependency */ = {
			isa = PBXTargetDependency;
			target = 9AB8D6A624B9B78300515002 /* objc_iOS */;
			targetProxy = 9AB8D6C324B9B78B00515002 /* PBXContainerItemProxy */;
		};
		9AB8D6DF24B9B7EA00515002 /* PBXTargetDependency */ = {
			isa = PBXTargetDependency;
			target = 9AB8D6D324B9B7E900515002 /* Core */;
			targetProxy = 9AB8D6DE24B9B7EA00515002 /* PBXContainerItemProxy */;
		};
		9AB8D6E124B9B7EA00515002 /* PBXTargetDependency */ = {
			isa = PBXTargetDependency;
			target = 9AB8D6A624B9B78300515002 /* objc_iOS */;
			targetProxy = 9AB8D6E024B9B7EA00515002 /* PBXContainerItemProxy */;
		};
		9AB8D6E824B9B7EA00515002 /* PBXTargetDependency */ = {
			isa = PBXTargetDependency;
			target = 9AB8D6D324B9B7E900515002 /* Core */;
			targetProxy = 9AB8D6E724B9B7EA00515002 /* PBXContainerItemProxy */;
		};
/* End PBXTargetDependency section */

/* Begin PBXVariantGroup section */
		9AB8D6B324B9B78300515002 /* Main.storyboard */ = {
			isa = PBXVariantGroup;
			children = (
				9AB8D6B424B9B78300515002 /* Base */,
			);
			name = Main.storyboard;
			sourceTree = "<group>";
		};
		9AB8D6B824B9B78A00515002 /* LaunchScreen.storyboard */ = {
			isa = PBXVariantGroup;
			children = (
				9AB8D6B924B9B78A00515002 /* Base */,
			);
			name = LaunchScreen.storyboard;
			sourceTree = "<group>";
		};
/* End PBXVariantGroup section */

/* Begin XCBuildConfiguration section */
		9AB8D6A124B9B75C00515002 /* Debug */ = {
			isa = XCBuildConfiguration;
			buildSettings = {
				CLANG_WARN_BLOCK_CAPTURE_AUTORELEASING = YES;
				CLANG_WARN_BOOL_CONVERSION = YES;
				CLANG_WARN_COMMA = YES;
				CLANG_WARN_CONSTANT_CONVERSION = YES;
				CLANG_WARN_DEPRECATED_OBJC_IMPLEMENTATIONS = YES;
				CLANG_WARN_EMPTY_BODY = YES;
				CLANG_WARN_ENUM_CONVERSION = YES;
				CLANG_WARN_INFINITE_RECURSION = YES;
				CLANG_WARN_INT_CONVERSION = YES;
				CLANG_WARN_NON_LITERAL_NULL_CONVERSION = YES;
				CLANG_WARN_OBJC_IMPLICIT_RETAIN_SELF = YES;
				CLANG_WARN_OBJC_LITERAL_CONVERSION = YES;
				CLANG_WARN_QUOTED_INCLUDE_IN_FRAMEWORK_HEADER = YES;
				CLANG_WARN_RANGE_LOOP_ANALYSIS = YES;
				CLANG_WARN_STRICT_PROTOTYPES = YES;
				CLANG_WARN_SUSPICIOUS_MOVE = YES;
				CLANG_WARN_UNREACHABLE_CODE = YES;
				CLANG_WARN__DUPLICATE_METHOD_MATCH = YES;
				ENABLE_STRICT_OBJC_MSGSEND = YES;
				ENABLE_TESTABILITY = YES;
				GCC_NO_COMMON_BLOCKS = YES;
				GCC_WARN_64_TO_32_BIT_CONVERSION = YES;
				GCC_WARN_ABOUT_RETURN_TYPE = YES;
				GCC_WARN_UNDECLARED_SELECTOR = YES;
				GCC_WARN_UNINITIALIZED_AUTOS = YES;
				GCC_WARN_UNUSED_FUNCTION = YES;
				GCC_WARN_UNUSED_VARIABLE = YES;
				ONLY_ACTIVE_ARCH = YES;
			};
			name = Debug;
		};
		9AB8D6A224B9B75C00515002 /* Release */ = {
			isa = XCBuildConfiguration;
			buildSettings = {
				CLANG_WARN_BLOCK_CAPTURE_AUTORELEASING = YES;
				CLANG_WARN_BOOL_CONVERSION = YES;
				CLANG_WARN_COMMA = YES;
				CLANG_WARN_CONSTANT_CONVERSION = YES;
				CLANG_WARN_DEPRECATED_OBJC_IMPLEMENTATIONS = YES;
				CLANG_WARN_EMPTY_BODY = YES;
				CLANG_WARN_ENUM_CONVERSION = YES;
				CLANG_WARN_INFINITE_RECURSION = YES;
				CLANG_WARN_INT_CONVERSION = YES;
				CLANG_WARN_NON_LITERAL_NULL_CONVERSION = YES;
				CLANG_WARN_OBJC_IMPLICIT_RETAIN_SELF = YES;
				CLANG_WARN_OBJC_LITERAL_CONVERSION = YES;
				CLANG_WARN_QUOTED_INCLUDE_IN_FRAMEWORK_HEADER = YES;
				CLANG_WARN_RANGE_LOOP_ANALYSIS = YES;
				CLANG_WARN_STRICT_PROTOTYPES = YES;
				CLANG_WARN_SUSPICIOUS_MOVE = YES;
				CLANG_WARN_UNREACHABLE_CODE = YES;
				CLANG_WARN__DUPLICATE_METHOD_MATCH = YES;
				ENABLE_STRICT_OBJC_MSGSEND = YES;
				GCC_NO_COMMON_BLOCKS = YES;
				GCC_WARN_64_TO_32_BIT_CONVERSION = YES;
				GCC_WARN_ABOUT_RETURN_TYPE = YES;
				GCC_WARN_UNDECLARED_SELECTOR = YES;
				GCC_WARN_UNINITIALIZED_AUTOS = YES;
				GCC_WARN_UNUSED_FUNCTION = YES;
				GCC_WARN_UNUSED_VARIABLE = YES;
			};
			name = Release;
		};
		9AB8D6CA24B9B78B00515002 /* Debug */ = {
			isa = XCBuildConfiguration;
			buildSettings = {
				ALWAYS_SEARCH_USER_PATHS = NO;
				ASSETCATALOG_COMPILER_APPICON_NAME = AppIcon;
				CLANG_ANALYZER_NONNULL = YES;
				CLANG_ANALYZER_NUMBER_OBJECT_CONVERSION = YES_AGGRESSIVE;
				CLANG_CXX_LANGUAGE_STANDARD = "gnu++14";
				CLANG_CXX_LIBRARY = "libc++";
				CLANG_ENABLE_MODULES = YES;
				CLANG_ENABLE_OBJC_ARC = YES;
				CLANG_ENABLE_OBJC_WEAK = YES;
				CLANG_WARN_BLOCK_CAPTURE_AUTORELEASING = YES;
				CLANG_WARN_BOOL_CONVERSION = YES;
				CLANG_WARN_COMMA = YES;
				CLANG_WARN_CONSTANT_CONVERSION = YES;
				CLANG_WARN_DEPRECATED_OBJC_IMPLEMENTATIONS = YES;
				CLANG_WARN_DIRECT_OBJC_ISA_USAGE = YES_ERROR;
				CLANG_WARN_DOCUMENTATION_COMMENTS = YES;
				CLANG_WARN_EMPTY_BODY = YES;
				CLANG_WARN_ENUM_CONVERSION = YES;
				CLANG_WARN_INFINITE_RECURSION = YES;
				CLANG_WARN_INT_CONVERSION = YES;
				CLANG_WARN_NON_LITERAL_NULL_CONVERSION = YES;
				CLANG_WARN_OBJC_IMPLICIT_RETAIN_SELF = YES;
				CLANG_WARN_OBJC_LITERAL_CONVERSION = YES;
				CLANG_WARN_OBJC_ROOT_CLASS = YES_ERROR;
				CLANG_WARN_RANGE_LOOP_ANALYSIS = YES;
				CLANG_WARN_STRICT_PROTOTYPES = YES;
				CLANG_WARN_SUSPICIOUS_MOVE = YES;
				CLANG_WARN_UNGUARDED_AVAILABILITY = YES_AGGRESSIVE;
				CLANG_WARN_UNREACHABLE_CODE = YES;
				CLANG_WARN__DUPLICATE_METHOD_MATCH = YES;
				CODE_SIGN_STYLE = Automatic;
				COPY_PHASE_STRIP = NO;
				DEBUG_INFORMATION_FORMAT = dwarf;
				DEVELOPMENT_TEAM = 3AMPL46LPV;
				ENABLE_STRICT_OBJC_MSGSEND = YES;
				ENABLE_TESTABILITY = YES;
				GCC_C_LANGUAGE_STANDARD = gnu11;
				GCC_DYNAMIC_NO_PIC = NO;
				GCC_NO_COMMON_BLOCKS = YES;
				GCC_OPTIMIZATION_LEVEL = 0;
				GCC_PREPROCESSOR_DEFINITIONS = (
					"DEBUG=1",
					"$(inherited)",
				);
				GCC_WARN_64_TO_32_BIT_CONVERSION = YES;
				GCC_WARN_ABOUT_RETURN_TYPE = YES_ERROR;
				GCC_WARN_UNDECLARED_SELECTOR = YES;
				GCC_WARN_UNINITIALIZED_AUTOS = YES_AGGRESSIVE;
				GCC_WARN_UNUSED_FUNCTION = YES;
				GCC_WARN_UNUSED_VARIABLE = YES;
				INFOPLIST_FILE = iOS/objc_iOS/Info.plist;
				IPHONEOS_DEPLOYMENT_TARGET = 13.5;
				LD_RUNPATH_SEARCH_PATHS = (
					"$(inherited)",
					"@executable_path/Frameworks",
				);
				MTL_ENABLE_DEBUG_INFO = INCLUDE_SOURCE;
				MTL_FAST_MATH = YES;
				ONLY_ACTIVE_ARCH = YES;
				PRODUCT_BUNDLE_IDENTIFIER = "com.ytyubox.objc-iOS";
				PRODUCT_NAME = "$(TARGET_NAME)";
				SDKROOT = iphoneos;
				TARGETED_DEVICE_FAMILY = "1,2";
			};
			name = Debug;
		};
		9AB8D6CB24B9B78B00515002 /* Release */ = {
			isa = XCBuildConfiguration;
			buildSettings = {
				ALWAYS_SEARCH_USER_PATHS = NO;
				ASSETCATALOG_COMPILER_APPICON_NAME = AppIcon;
				CLANG_ANALYZER_NONNULL = YES;
				CLANG_ANALYZER_NUMBER_OBJECT_CONVERSION = YES_AGGRESSIVE;
				CLANG_CXX_LANGUAGE_STANDARD = "gnu++14";
				CLANG_CXX_LIBRARY = "libc++";
				CLANG_ENABLE_MODULES = YES;
				CLANG_ENABLE_OBJC_ARC = YES;
				CLANG_ENABLE_OBJC_WEAK = YES;
				CLANG_WARN_BLOCK_CAPTURE_AUTORELEASING = YES;
				CLANG_WARN_BOOL_CONVERSION = YES;
				CLANG_WARN_COMMA = YES;
				CLANG_WARN_CONSTANT_CONVERSION = YES;
				CLANG_WARN_DEPRECATED_OBJC_IMPLEMENTATIONS = YES;
				CLANG_WARN_DIRECT_OBJC_ISA_USAGE = YES_ERROR;
				CLANG_WARN_DOCUMENTATION_COMMENTS = YES;
				CLANG_WARN_EMPTY_BODY = YES;
				CLANG_WARN_ENUM_CONVERSION = YES;
				CLANG_WARN_INFINITE_RECURSION = YES;
				CLANG_WARN_INT_CONVERSION = YES;
				CLANG_WARN_NON_LITERAL_NULL_CONVERSION = YES;
				CLANG_WARN_OBJC_IMPLICIT_RETAIN_SELF = YES;
				CLANG_WARN_OBJC_LITERAL_CONVERSION = YES;
				CLANG_WARN_OBJC_ROOT_CLASS = YES_ERROR;
				CLANG_WARN_RANGE_LOOP_ANALYSIS = YES;
				CLANG_WARN_STRICT_PROTOTYPES = YES;
				CLANG_WARN_SUSPICIOUS_MOVE = YES;
				CLANG_WARN_UNGUARDED_AVAILABILITY = YES_AGGRESSIVE;
				CLANG_WARN_UNREACHABLE_CODE = YES;
				CLANG_WARN__DUPLICATE_METHOD_MATCH = YES;
				CODE_SIGN_STYLE = Automatic;
				COPY_PHASE_STRIP = NO;
				DEBUG_INFORMATION_FORMAT = "dwarf-with-dsym";
				DEVELOPMENT_TEAM = 3AMPL46LPV;
				ENABLE_NS_ASSERTIONS = NO;
				ENABLE_STRICT_OBJC_MSGSEND = YES;
				GCC_C_LANGUAGE_STANDARD = gnu11;
				GCC_NO_COMMON_BLOCKS = YES;
				GCC_WARN_64_TO_32_BIT_CONVERSION = YES;
				GCC_WARN_ABOUT_RETURN_TYPE = YES_ERROR;
				GCC_WARN_UNDECLARED_SELECTOR = YES;
				GCC_WARN_UNINITIALIZED_AUTOS = YES_AGGRESSIVE;
				GCC_WARN_UNUSED_FUNCTION = YES;
				GCC_WARN_UNUSED_VARIABLE = YES;
				INFOPLIST_FILE = iOS/objc_iOS/Info.plist;
				IPHONEOS_DEPLOYMENT_TARGET = 13.5;
				LD_RUNPATH_SEARCH_PATHS = (
					"$(inherited)",
					"@executable_path/Frameworks",
				);
				MTL_ENABLE_DEBUG_INFO = NO;
				MTL_FAST_MATH = YES;
				PRODUCT_BUNDLE_IDENTIFIER = "com.ytyubox.objc-iOS";
				PRODUCT_NAME = "$(TARGET_NAME)";
				SDKROOT = iphoneos;
				TARGETED_DEVICE_FAMILY = "1,2";
				VALIDATE_PRODUCT = YES;
			};
			name = Release;
		};
		9AB8D6CD24B9B78B00515002 /* Debug */ = {
			isa = XCBuildConfiguration;
			buildSettings = {
				ALWAYS_SEARCH_USER_PATHS = NO;
				BUNDLE_LOADER = "$(TEST_HOST)";
				CLANG_ANALYZER_NONNULL = YES;
				CLANG_ANALYZER_NUMBER_OBJECT_CONVERSION = YES_AGGRESSIVE;
				CLANG_CXX_LANGUAGE_STANDARD = "gnu++14";
				CLANG_CXX_LIBRARY = "libc++";
				CLANG_ENABLE_MODULES = YES;
				CLANG_ENABLE_OBJC_ARC = YES;
				CLANG_ENABLE_OBJC_WEAK = YES;
				CLANG_WARN_BLOCK_CAPTURE_AUTORELEASING = YES;
				CLANG_WARN_BOOL_CONVERSION = YES;
				CLANG_WARN_COMMA = YES;
				CLANG_WARN_CONSTANT_CONVERSION = YES;
				CLANG_WARN_DEPRECATED_OBJC_IMPLEMENTATIONS = YES;
				CLANG_WARN_DIRECT_OBJC_ISA_USAGE = YES_ERROR;
				CLANG_WARN_DOCUMENTATION_COMMENTS = YES;
				CLANG_WARN_EMPTY_BODY = YES;
				CLANG_WARN_ENUM_CONVERSION = YES;
				CLANG_WARN_INFINITE_RECURSION = YES;
				CLANG_WARN_INT_CONVERSION = YES;
				CLANG_WARN_NON_LITERAL_NULL_CONVERSION = YES;
				CLANG_WARN_OBJC_IMPLICIT_RETAIN_SELF = YES;
				CLANG_WARN_OBJC_LITERAL_CONVERSION = YES;
				CLANG_WARN_OBJC_ROOT_CLASS = YES_ERROR;
				CLANG_WARN_RANGE_LOOP_ANALYSIS = YES;
				CLANG_WARN_STRICT_PROTOTYPES = YES;
				CLANG_WARN_SUSPICIOUS_MOVE = YES;
				CLANG_WARN_UNGUARDED_AVAILABILITY = YES_AGGRESSIVE;
				CLANG_WARN_UNREACHABLE_CODE = YES;
				CLANG_WARN__DUPLICATE_METHOD_MATCH = YES;
				CODE_SIGN_STYLE = Automatic;
				COPY_PHASE_STRIP = NO;
				DEBUG_INFORMATION_FORMAT = dwarf;
				DEVELOPMENT_TEAM = 3AMPL46LPV;
				ENABLE_STRICT_OBJC_MSGSEND = YES;
				ENABLE_TESTABILITY = YES;
				GCC_C_LANGUAGE_STANDARD = gnu11;
				GCC_DYNAMIC_NO_PIC = NO;
				GCC_NO_COMMON_BLOCKS = YES;
				GCC_OPTIMIZATION_LEVEL = 0;
				GCC_PREPROCESSOR_DEFINITIONS = (
					"DEBUG=1",
					"$(inherited)",
				);
				GCC_WARN_64_TO_32_BIT_CONVERSION = YES;
				GCC_WARN_ABOUT_RETURN_TYPE = YES_ERROR;
				GCC_WARN_UNDECLARED_SELECTOR = YES;
				GCC_WARN_UNINITIALIZED_AUTOS = YES_AGGRESSIVE;
				GCC_WARN_UNUSED_FUNCTION = YES;
				GCC_WARN_UNUSED_VARIABLE = YES;
				INFOPLIST_FILE = objc_iOSTests/Info.plist;
				IPHONEOS_DEPLOYMENT_TARGET = 13.5;
				LD_RUNPATH_SEARCH_PATHS = (
					"$(inherited)",
					"@executable_path/Frameworks",
					"@loader_path/Frameworks",
				);
				MTL_ENABLE_DEBUG_INFO = INCLUDE_SOURCE;
				MTL_FAST_MATH = YES;
				ONLY_ACTIVE_ARCH = YES;
				PRODUCT_BUNDLE_IDENTIFIER = "com.ytyubox.objc-iOSTests";
				PRODUCT_NAME = "$(TARGET_NAME)";
				SDKROOT = iphoneos;
				TARGETED_DEVICE_FAMILY = "1,2";
				TEST_HOST = "$(BUILT_PRODUCTS_DIR)/objc_iOS.app/objc_iOS";
			};
			name = Debug;
		};
		9AB8D6CE24B9B78B00515002 /* Release */ = {
			isa = XCBuildConfiguration;
			buildSettings = {
				ALWAYS_SEARCH_USER_PATHS = NO;
				BUNDLE_LOADER = "$(TEST_HOST)";
				CLANG_ANALYZER_NONNULL = YES;
				CLANG_ANALYZER_NUMBER_OBJECT_CONVERSION = YES_AGGRESSIVE;
				CLANG_CXX_LANGUAGE_STANDARD = "gnu++14";
				CLANG_CXX_LIBRARY = "libc++";
				CLANG_ENABLE_MODULES = YES;
				CLANG_ENABLE_OBJC_ARC = YES;
				CLANG_ENABLE_OBJC_WEAK = YES;
				CLANG_WARN_BLOCK_CAPTURE_AUTORELEASING = YES;
				CLANG_WARN_BOOL_CONVERSION = YES;
				CLANG_WARN_COMMA = YES;
				CLANG_WARN_CONSTANT_CONVERSION = YES;
				CLANG_WARN_DEPRECATED_OBJC_IMPLEMENTATIONS = YES;
				CLANG_WARN_DIRECT_OBJC_ISA_USAGE = YES_ERROR;
				CLANG_WARN_DOCUMENTATION_COMMENTS = YES;
				CLANG_WARN_EMPTY_BODY = YES;
				CLANG_WARN_ENUM_CONVERSION = YES;
				CLANG_WARN_INFINITE_RECURSION = YES;
				CLANG_WARN_INT_CONVERSION = YES;
				CLANG_WARN_NON_LITERAL_NULL_CONVERSION = YES;
				CLANG_WARN_OBJC_IMPLICIT_RETAIN_SELF = YES;
				CLANG_WARN_OBJC_LITERAL_CONVERSION = YES;
				CLANG_WARN_OBJC_ROOT_CLASS = YES_ERROR;
				CLANG_WARN_RANGE_LOOP_ANALYSIS = YES;
				CLANG_WARN_STRICT_PROTOTYPES = YES;
				CLANG_WARN_SUSPICIOUS_MOVE = YES;
				CLANG_WARN_UNGUARDED_AVAILABILITY = YES_AGGRESSIVE;
				CLANG_WARN_UNREACHABLE_CODE = YES;
				CLANG_WARN__DUPLICATE_METHOD_MATCH = YES;
				CODE_SIGN_STYLE = Automatic;
				COPY_PHASE_STRIP = NO;
				DEBUG_INFORMATION_FORMAT = "dwarf-with-dsym";
				DEVELOPMENT_TEAM = 3AMPL46LPV;
				ENABLE_NS_ASSERTIONS = NO;
				ENABLE_STRICT_OBJC_MSGSEND = YES;
				GCC_C_LANGUAGE_STANDARD = gnu11;
				GCC_NO_COMMON_BLOCKS = YES;
				GCC_WARN_64_TO_32_BIT_CONVERSION = YES;
				GCC_WARN_ABOUT_RETURN_TYPE = YES_ERROR;
				GCC_WARN_UNDECLARED_SELECTOR = YES;
				GCC_WARN_UNINITIALIZED_AUTOS = YES_AGGRESSIVE;
				GCC_WARN_UNUSED_FUNCTION = YES;
				GCC_WARN_UNUSED_VARIABLE = YES;
				INFOPLIST_FILE = objc_iOSTests/Info.plist;
				IPHONEOS_DEPLOYMENT_TARGET = 13.5;
				LD_RUNPATH_SEARCH_PATHS = (
					"$(inherited)",
					"@executable_path/Frameworks",
					"@loader_path/Frameworks",
				);
				MTL_ENABLE_DEBUG_INFO = NO;
				MTL_FAST_MATH = YES;
				PRODUCT_BUNDLE_IDENTIFIER = "com.ytyubox.objc-iOSTests";
				PRODUCT_NAME = "$(TARGET_NAME)";
				SDKROOT = iphoneos;
				TARGETED_DEVICE_FAMILY = "1,2";
				TEST_HOST = "$(BUILT_PRODUCTS_DIR)/objc_iOS.app/objc_iOS";
				VALIDATE_PRODUCT = YES;
			};
			name = Release;
		};
		9AB8D6EC24B9B7EA00515002 /* Debug */ = {
			isa = XCBuildConfiguration;
			buildSettings = {
				ALWAYS_SEARCH_USER_PATHS = NO;
				CLANG_ANALYZER_NONNULL = YES;
				CLANG_ANALYZER_NUMBER_OBJECT_CONVERSION = YES_AGGRESSIVE;
				CLANG_CXX_LANGUAGE_STANDARD = "gnu++14";
				CLANG_CXX_LIBRARY = "libc++";
				CLANG_ENABLE_MODULES = YES;
				CLANG_ENABLE_OBJC_ARC = YES;
				CLANG_ENABLE_OBJC_WEAK = YES;
				CLANG_WARN_BLOCK_CAPTURE_AUTORELEASING = YES;
				CLANG_WARN_BOOL_CONVERSION = YES;
				CLANG_WARN_COMMA = YES;
				CLANG_WARN_CONSTANT_CONVERSION = YES;
				CLANG_WARN_DEPRECATED_OBJC_IMPLEMENTATIONS = YES;
				CLANG_WARN_DIRECT_OBJC_ISA_USAGE = YES_ERROR;
				CLANG_WARN_DOCUMENTATION_COMMENTS = YES;
				CLANG_WARN_EMPTY_BODY = YES;
				CLANG_WARN_ENUM_CONVERSION = YES;
				CLANG_WARN_INFINITE_RECURSION = YES;
				CLANG_WARN_INT_CONVERSION = YES;
				CLANG_WARN_NON_LITERAL_NULL_CONVERSION = YES;
				CLANG_WARN_OBJC_IMPLICIT_RETAIN_SELF = YES;
				CLANG_WARN_OBJC_LITERAL_CONVERSION = YES;
				CLANG_WARN_OBJC_ROOT_CLASS = YES_ERROR;
				CLANG_WARN_RANGE_LOOP_ANALYSIS = YES;
				CLANG_WARN_STRICT_PROTOTYPES = YES;
				CLANG_WARN_SUSPICIOUS_MOVE = YES;
				CLANG_WARN_UNGUARDED_AVAILABILITY = YES_AGGRESSIVE;
				CLANG_WARN_UNREACHABLE_CODE = YES;
				CLANG_WARN__DUPLICATE_METHOD_MATCH = YES;
				CODE_SIGN_STYLE = Automatic;
				COPY_PHASE_STRIP = NO;
				CURRENT_PROJECT_VERSION = 1;
				DEBUG_INFORMATION_FORMAT = dwarf;
				DEFINES_MODULE = YES;
				DEVELOPMENT_TEAM = 3AMPL46LPV;
				DYLIB_COMPATIBILITY_VERSION = 1;
				DYLIB_CURRENT_VERSION = 1;
				DYLIB_INSTALL_NAME_BASE = "@rpath";
				ENABLE_STRICT_OBJC_MSGSEND = YES;
				ENABLE_TESTABILITY = YES;
				GCC_C_LANGUAGE_STANDARD = gnu11;
				GCC_DYNAMIC_NO_PIC = NO;
				GCC_NO_COMMON_BLOCKS = YES;
				GCC_OPTIMIZATION_LEVEL = 0;
				GCC_PREPROCESSOR_DEFINITIONS = (
					"DEBUG=1",
					"$(inherited)",
				);
				GCC_WARN_64_TO_32_BIT_CONVERSION = YES;
				GCC_WARN_ABOUT_RETURN_TYPE = YES_ERROR;
				GCC_WARN_UNDECLARED_SELECTOR = YES;
				GCC_WARN_UNINITIALIZED_AUTOS = YES_AGGRESSIVE;
				GCC_WARN_UNUSED_FUNCTION = YES;
				GCC_WARN_UNUSED_VARIABLE = YES;
				INFOPLIST_FILE = Frameworks/Core/Info.plist;
				INSTALL_PATH = "$(LOCAL_LIBRARY_DIR)/Frameworks";
				IPHONEOS_DEPLOYMENT_TARGET = 13.5;
				LD_RUNPATH_SEARCH_PATHS = (
					"$(inherited)",
					"@executable_path/Frameworks",
					"@loader_path/Frameworks",
				);
				MTL_ENABLE_DEBUG_INFO = INCLUDE_SOURCE;
				MTL_FAST_MATH = YES;
				ONLY_ACTIVE_ARCH = YES;
				PRODUCT_BUNDLE_IDENTIFIER = com.ytyubox.Core;
				PRODUCT_NAME = "$(TARGET_NAME:c99extidentifier)";
				SDKROOT = iphoneos;
				SKIP_INSTALL = YES;
				TARGETED_DEVICE_FAMILY = "1,2";
				VERSIONING_SYSTEM = "apple-generic";
				VERSION_INFO_PREFIX = "";
			};
			name = Debug;
		};
		9AB8D6ED24B9B7EA00515002 /* Release */ = {
			isa = XCBuildConfiguration;
			buildSettings = {
				ALWAYS_SEARCH_USER_PATHS = NO;
				CLANG_ANALYZER_NONNULL = YES;
				CLANG_ANALYZER_NUMBER_OBJECT_CONVERSION = YES_AGGRESSIVE;
				CLANG_CXX_LANGUAGE_STANDARD = "gnu++14";
				CLANG_CXX_LIBRARY = "libc++";
				CLANG_ENABLE_MODULES = YES;
				CLANG_ENABLE_OBJC_ARC = YES;
				CLANG_ENABLE_OBJC_WEAK = YES;
				CLANG_WARN_BLOCK_CAPTURE_AUTORELEASING = YES;
				CLANG_WARN_BOOL_CONVERSION = YES;
				CLANG_WARN_COMMA = YES;
				CLANG_WARN_CONSTANT_CONVERSION = YES;
				CLANG_WARN_DEPRECATED_OBJC_IMPLEMENTATIONS = YES;
				CLANG_WARN_DIRECT_OBJC_ISA_USAGE = YES_ERROR;
				CLANG_WARN_DOCUMENTATION_COMMENTS = YES;
				CLANG_WARN_EMPTY_BODY = YES;
				CLANG_WARN_ENUM_CONVERSION = YES;
				CLANG_WARN_INFINITE_RECURSION = YES;
				CLANG_WARN_INT_CONVERSION = YES;
				CLANG_WARN_NON_LITERAL_NULL_CONVERSION = YES;
				CLANG_WARN_OBJC_IMPLICIT_RETAIN_SELF = YES;
				CLANG_WARN_OBJC_LITERAL_CONVERSION = YES;
				CLANG_WARN_OBJC_ROOT_CLASS = YES_ERROR;
				CLANG_WARN_RANGE_LOOP_ANALYSIS = YES;
				CLANG_WARN_STRICT_PROTOTYPES = YES;
				CLANG_WARN_SUSPICIOUS_MOVE = YES;
				CLANG_WARN_UNGUARDED_AVAILABILITY = YES_AGGRESSIVE;
				CLANG_WARN_UNREACHABLE_CODE = YES;
				CLANG_WARN__DUPLICATE_METHOD_MATCH = YES;
				CODE_SIGN_STYLE = Automatic;
				COPY_PHASE_STRIP = NO;
				CURRENT_PROJECT_VERSION = 1;
				DEBUG_INFORMATION_FORMAT = "dwarf-with-dsym";
				DEFINES_MODULE = YES;
				DEVELOPMENT_TEAM = 3AMPL46LPV;
				DYLIB_COMPATIBILITY_VERSION = 1;
				DYLIB_CURRENT_VERSION = 1;
				DYLIB_INSTALL_NAME_BASE = "@rpath";
				ENABLE_NS_ASSERTIONS = NO;
				ENABLE_STRICT_OBJC_MSGSEND = YES;
				GCC_C_LANGUAGE_STANDARD = gnu11;
				GCC_NO_COMMON_BLOCKS = YES;
				GCC_WARN_64_TO_32_BIT_CONVERSION = YES;
				GCC_WARN_ABOUT_RETURN_TYPE = YES_ERROR;
				GCC_WARN_UNDECLARED_SELECTOR = YES;
				GCC_WARN_UNINITIALIZED_AUTOS = YES_AGGRESSIVE;
				GCC_WARN_UNUSED_FUNCTION = YES;
				GCC_WARN_UNUSED_VARIABLE = YES;
				INFOPLIST_FILE = Frameworks/Core/Info.plist;
				INSTALL_PATH = "$(LOCAL_LIBRARY_DIR)/Frameworks";
				IPHONEOS_DEPLOYMENT_TARGET = 13.5;
				LD_RUNPATH_SEARCH_PATHS = (
					"$(inherited)",
					"@executable_path/Frameworks",
					"@loader_path/Frameworks",
				);
				MTL_ENABLE_DEBUG_INFO = NO;
				MTL_FAST_MATH = YES;
				PRODUCT_BUNDLE_IDENTIFIER = com.ytyubox.Core;
				PRODUCT_NAME = "$(TARGET_NAME:c99extidentifier)";
				SDKROOT = iphoneos;
				SKIP_INSTALL = YES;
				TARGETED_DEVICE_FAMILY = "1,2";
				VALIDATE_PRODUCT = YES;
				VERSIONING_SYSTEM = "apple-generic";
				VERSION_INFO_PREFIX = "";
			};
			name = Release;
		};
		9AB8D6F024B9B7EA00515002 /* Debug */ = {
			isa = XCBuildConfiguration;
			buildSettings = {
				ALWAYS_SEARCH_USER_PATHS = NO;
				CLANG_ANALYZER_NONNULL = YES;
				CLANG_ANALYZER_NUMBER_OBJECT_CONVERSION = YES_AGGRESSIVE;
				CLANG_CXX_LANGUAGE_STANDARD = "gnu++14";
				CLANG_CXX_LIBRARY = "libc++";
				CLANG_ENABLE_MODULES = YES;
				CLANG_ENABLE_OBJC_ARC = YES;
				CLANG_ENABLE_OBJC_WEAK = YES;
				CLANG_WARN_BLOCK_CAPTURE_AUTORELEASING = YES;
				CLANG_WARN_BOOL_CONVERSION = YES;
				CLANG_WARN_COMMA = YES;
				CLANG_WARN_CONSTANT_CONVERSION = YES;
				CLANG_WARN_DEPRECATED_OBJC_IMPLEMENTATIONS = YES;
				CLANG_WARN_DIRECT_OBJC_ISA_USAGE = YES_ERROR;
				CLANG_WARN_DOCUMENTATION_COMMENTS = YES;
				CLANG_WARN_EMPTY_BODY = YES;
				CLANG_WARN_ENUM_CONVERSION = YES;
				CLANG_WARN_INFINITE_RECURSION = YES;
				CLANG_WARN_INT_CONVERSION = YES;
				CLANG_WARN_NON_LITERAL_NULL_CONVERSION = YES;
				CLANG_WARN_OBJC_IMPLICIT_RETAIN_SELF = YES;
				CLANG_WARN_OBJC_LITERAL_CONVERSION = YES;
				CLANG_WARN_OBJC_ROOT_CLASS = YES_ERROR;
				CLANG_WARN_RANGE_LOOP_ANALYSIS = YES;
				CLANG_WARN_STRICT_PROTOTYPES = YES;
				CLANG_WARN_SUSPICIOUS_MOVE = YES;
				CLANG_WARN_UNGUARDED_AVAILABILITY = YES_AGGRESSIVE;
				CLANG_WARN_UNREACHABLE_CODE = YES;
				CLANG_WARN__DUPLICATE_METHOD_MATCH = YES;
				CODE_SIGN_STYLE = Automatic;
				COPY_PHASE_STRIP = NO;
				DEBUG_INFORMATION_FORMAT = dwarf;
				DEVELOPMENT_TEAM = 3AMPL46LPV;
				ENABLE_STRICT_OBJC_MSGSEND = YES;
				ENABLE_TESTABILITY = YES;
				GCC_C_LANGUAGE_STANDARD = gnu11;
				GCC_DYNAMIC_NO_PIC = NO;
				GCC_NO_COMMON_BLOCKS = YES;
				GCC_OPTIMIZATION_LEVEL = 0;
				GCC_PREPROCESSOR_DEFINITIONS = (
					"DEBUG=1",
					"$(inherited)",
				);
				GCC_WARN_64_TO_32_BIT_CONVERSION = YES;
				GCC_WARN_ABOUT_RETURN_TYPE = YES_ERROR;
				GCC_WARN_UNDECLARED_SELECTOR = YES;
				GCC_WARN_UNINITIALIZED_AUTOS = YES_AGGRESSIVE;
				GCC_WARN_UNUSED_FUNCTION = YES;
				GCC_WARN_UNUSED_VARIABLE = YES;
				INFOPLIST_FILE = CoreTests/Info.plist;
				IPHONEOS_DEPLOYMENT_TARGET = 13.5;
				LD_RUNPATH_SEARCH_PATHS = (
					"$(inherited)",
					"@executable_path/Frameworks",
					"@loader_path/Frameworks",
				);
				MTL_ENABLE_DEBUG_INFO = INCLUDE_SOURCE;
				MTL_FAST_MATH = YES;
				ONLY_ACTIVE_ARCH = YES;
				PRODUCT_BUNDLE_IDENTIFIER = com.ytyubox.CoreTests;
				PRODUCT_NAME = "$(TARGET_NAME)";
				SDKROOT = iphoneos;
				TARGETED_DEVICE_FAMILY = "1,2";
				TEST_HOST = "$(BUILT_PRODUCTS_DIR)/objc_iOS.app/objc_iOS";
			};
			name = Debug;
		};
		9AB8D6F124B9B7EA00515002 /* Release */ = {
			isa = XCBuildConfiguration;
			buildSettings = {
				ALWAYS_SEARCH_USER_PATHS = NO;
				CLANG_ANALYZER_NONNULL = YES;
				CLANG_ANALYZER_NUMBER_OBJECT_CONVERSION = YES_AGGRESSIVE;
				CLANG_CXX_LANGUAGE_STANDARD = "gnu++14";
				CLANG_CXX_LIBRARY = "libc++";
				CLANG_ENABLE_MODULES = YES;
				CLANG_ENABLE_OBJC_ARC = YES;
				CLANG_ENABLE_OBJC_WEAK = YES;
				CLANG_WARN_BLOCK_CAPTURE_AUTORELEASING = YES;
				CLANG_WARN_BOOL_CONVERSION = YES;
				CLANG_WARN_COMMA = YES;
				CLANG_WARN_CONSTANT_CONVERSION = YES;
				CLANG_WARN_DEPRECATED_OBJC_IMPLEMENTATIONS = YES;
				CLANG_WARN_DIRECT_OBJC_ISA_USAGE = YES_ERROR;
				CLANG_WARN_DOCUMENTATION_COMMENTS = YES;
				CLANG_WARN_EMPTY_BODY = YES;
				CLANG_WARN_ENUM_CONVERSION = YES;
				CLANG_WARN_INFINITE_RECURSION = YES;
				CLANG_WARN_INT_CONVERSION = YES;
				CLANG_WARN_NON_LITERAL_NULL_CONVERSION = YES;
				CLANG_WARN_OBJC_IMPLICIT_RETAIN_SELF = YES;
				CLANG_WARN_OBJC_LITERAL_CONVERSION = YES;
				CLANG_WARN_OBJC_ROOT_CLASS = YES_ERROR;
				CLANG_WARN_RANGE_LOOP_ANALYSIS = YES;
				CLANG_WARN_STRICT_PROTOTYPES = YES;
				CLANG_WARN_SUSPICIOUS_MOVE = YES;
				CLANG_WARN_UNGUARDED_AVAILABILITY = YES_AGGRESSIVE;
				CLANG_WARN_UNREACHABLE_CODE = YES;
				CLANG_WARN__DUPLICATE_METHOD_MATCH = YES;
				CODE_SIGN_STYLE = Automatic;
				COPY_PHASE_STRIP = NO;
				DEBUG_INFORMATION_FORMAT = "dwarf-with-dsym";
				DEVELOPMENT_TEAM = 3AMPL46LPV;
				ENABLE_NS_ASSERTIONS = NO;
				ENABLE_STRICT_OBJC_MSGSEND = YES;
				GCC_C_LANGUAGE_STANDARD = gnu11;
				GCC_NO_COMMON_BLOCKS = YES;
				GCC_WARN_64_TO_32_BIT_CONVERSION = YES;
				GCC_WARN_ABOUT_RETURN_TYPE = YES_ERROR;
				GCC_WARN_UNDECLARED_SELECTOR = YES;
				GCC_WARN_UNINITIALIZED_AUTOS = YES_AGGRESSIVE;
				GCC_WARN_UNUSED_FUNCTION = YES;
				GCC_WARN_UNUSED_VARIABLE = YES;
				INFOPLIST_FILE = CoreTests/Info.plist;
				IPHONEOS_DEPLOYMENT_TARGET = 13.5;
				LD_RUNPATH_SEARCH_PATHS = (
					"$(inherited)",
					"@executable_path/Frameworks",
					"@loader_path/Frameworks",
				);
				MTL_ENABLE_DEBUG_INFO = NO;
				MTL_FAST_MATH = YES;
				PRODUCT_BUNDLE_IDENTIFIER = com.ytyubox.CoreTests;
				PRODUCT_NAME = "$(TARGET_NAME)";
				SDKROOT = iphoneos;
				TARGETED_DEVICE_FAMILY = "1,2";
				TEST_HOST = "$(BUILT_PRODUCTS_DIR)/objc_iOS.app/objc_iOS";
				VALIDATE_PRODUCT = YES;
			};
			name = Release;
		};
		A79D678924BECF8500E2903C /* Debug */ = {
			isa = XCBuildConfiguration;
			buildSettings = {
				ALWAYS_SEARCH_USER_PATHS = NO;
				CLANG_ANALYZER_NONNULL = YES;
				CLANG_ANALYZER_NUMBER_OBJECT_CONVERSION = YES_AGGRESSIVE;
				CLANG_CXX_LANGUAGE_STANDARD = "gnu++14";
				CLANG_CXX_LIBRARY = "libc++";
				CLANG_ENABLE_MODULES = YES;
				CLANG_ENABLE_OBJC_ARC = YES;
				CLANG_ENABLE_OBJC_WEAK = YES;
				CLANG_WARN_BLOCK_CAPTURE_AUTORELEASING = YES;
				CLANG_WARN_BOOL_CONVERSION = YES;
				CLANG_WARN_COMMA = YES;
				CLANG_WARN_CONSTANT_CONVERSION = YES;
				CLANG_WARN_DEPRECATED_OBJC_IMPLEMENTATIONS = YES;
				CLANG_WARN_DIRECT_OBJC_ISA_USAGE = YES_ERROR;
				CLANG_WARN_DOCUMENTATION_COMMENTS = YES;
				CLANG_WARN_EMPTY_BODY = YES;
				CLANG_WARN_ENUM_CONVERSION = YES;
				CLANG_WARN_INFINITE_RECURSION = YES;
				CLANG_WARN_INT_CONVERSION = YES;
				CLANG_WARN_NON_LITERAL_NULL_CONVERSION = YES;
				CLANG_WARN_OBJC_IMPLICIT_RETAIN_SELF = YES;
				CLANG_WARN_OBJC_LITERAL_CONVERSION = YES;
				CLANG_WARN_OBJC_ROOT_CLASS = YES_ERROR;
				CLANG_WARN_RANGE_LOOP_ANALYSIS = YES;
				CLANG_WARN_STRICT_PROTOTYPES = YES;
				CLANG_WARN_SUSPICIOUS_MOVE = YES;
				CLANG_WARN_UNGUARDED_AVAILABILITY = YES_AGGRESSIVE;
				CLANG_WARN_UNREACHABLE_CODE = YES;
				CLANG_WARN__DUPLICATE_METHOD_MATCH = YES;
				CODE_SIGN_IDENTITY = "-";
				CODE_SIGN_STYLE = Automatic;
				COPY_PHASE_STRIP = NO;
				DEBUG_INFORMATION_FORMAT = dwarf;
				DEVELOPMENT_TEAM = 3AMPL46LPV;
				ENABLE_HARDENED_RUNTIME = YES;
				ENABLE_STRICT_OBJC_MSGSEND = YES;
				ENABLE_TESTABILITY = YES;
				GCC_C_LANGUAGE_STANDARD = gnu11;
				GCC_DYNAMIC_NO_PIC = NO;
				GCC_NO_COMMON_BLOCKS = YES;
				GCC_OPTIMIZATION_LEVEL = 0;
				GCC_PREPROCESSOR_DEFINITIONS = (
					"DEBUG=1",
					"$(inherited)",
				);
				GCC_WARN_64_TO_32_BIT_CONVERSION = YES;
				GCC_WARN_ABOUT_RETURN_TYPE = YES_ERROR;
				GCC_WARN_UNDECLARED_SELECTOR = YES;
				GCC_WARN_UNINITIALIZED_AUTOS = YES_AGGRESSIVE;
				GCC_WARN_UNUSED_FUNCTION = YES;
				GCC_WARN_UNUSED_VARIABLE = YES;
				MACOSX_DEPLOYMENT_TARGET = 10.13;
				MTL_ENABLE_DEBUG_INFO = INCLUDE_SOURCE;
				MTL_FAST_MATH = YES;
				ONLY_ACTIVE_ARCH = YES;
				PRODUCT_NAME = "$(TARGET_NAME)";
				SDKROOT = macosx;
			};
			name = Debug;
		};
		A79D678A24BECF8500E2903C /* Release */ = {
			isa = XCBuildConfiguration;
			buildSettings = {
				ALWAYS_SEARCH_USER_PATHS = NO;
				CLANG_ANALYZER_NONNULL = YES;
				CLANG_ANALYZER_NUMBER_OBJECT_CONVERSION = YES_AGGRESSIVE;
				CLANG_CXX_LANGUAGE_STANDARD = "gnu++14";
				CLANG_CXX_LIBRARY = "libc++";
				CLANG_ENABLE_MODULES = YES;
				CLANG_ENABLE_OBJC_ARC = YES;
				CLANG_ENABLE_OBJC_WEAK = YES;
				CLANG_WARN_BLOCK_CAPTURE_AUTORELEASING = YES;
				CLANG_WARN_BOOL_CONVERSION = YES;
				CLANG_WARN_COMMA = YES;
				CLANG_WARN_CONSTANT_CONVERSION = YES;
				CLANG_WARN_DEPRECATED_OBJC_IMPLEMENTATIONS = YES;
				CLANG_WARN_DIRECT_OBJC_ISA_USAGE = YES_ERROR;
				CLANG_WARN_DOCUMENTATION_COMMENTS = YES;
				CLANG_WARN_EMPTY_BODY = YES;
				CLANG_WARN_ENUM_CONVERSION = YES;
				CLANG_WARN_INFINITE_RECURSION = YES;
				CLANG_WARN_INT_CONVERSION = YES;
				CLANG_WARN_NON_LITERAL_NULL_CONVERSION = YES;
				CLANG_WARN_OBJC_IMPLICIT_RETAIN_SELF = YES;
				CLANG_WARN_OBJC_LITERAL_CONVERSION = YES;
				CLANG_WARN_OBJC_ROOT_CLASS = YES_ERROR;
				CLANG_WARN_RANGE_LOOP_ANALYSIS = YES;
				CLANG_WARN_STRICT_PROTOTYPES = YES;
				CLANG_WARN_SUSPICIOUS_MOVE = YES;
				CLANG_WARN_UNGUARDED_AVAILABILITY = YES_AGGRESSIVE;
				CLANG_WARN_UNREACHABLE_CODE = YES;
				CLANG_WARN__DUPLICATE_METHOD_MATCH = YES;
				CODE_SIGN_IDENTITY = "-";
				CODE_SIGN_STYLE = Automatic;
				COPY_PHASE_STRIP = NO;
				DEBUG_INFORMATION_FORMAT = "dwarf-with-dsym";
				DEVELOPMENT_TEAM = 3AMPL46LPV;
				ENABLE_HARDENED_RUNTIME = YES;
				ENABLE_NS_ASSERTIONS = NO;
				ENABLE_STRICT_OBJC_MSGSEND = YES;
				GCC_C_LANGUAGE_STANDARD = gnu11;
				GCC_NO_COMMON_BLOCKS = YES;
				GCC_WARN_64_TO_32_BIT_CONVERSION = YES;
				GCC_WARN_ABOUT_RETURN_TYPE = YES_ERROR;
				GCC_WARN_UNDECLARED_SELECTOR = YES;
				GCC_WARN_UNINITIALIZED_AUTOS = YES_AGGRESSIVE;
				GCC_WARN_UNUSED_FUNCTION = YES;
				GCC_WARN_UNUSED_VARIABLE = YES;
				MACOSX_DEPLOYMENT_TARGET = 10.13;
				MTL_ENABLE_DEBUG_INFO = NO;
				MTL_FAST_MATH = YES;
				PRODUCT_NAME = "$(TARGET_NAME)";
				SDKROOT = macosx;
			};
			name = Release;
		};
/* End XCBuildConfiguration section */

/* Begin XCConfigurationList section */
		9AB8D6A024B9B75C00515002 /* Build configuration list for PBXProject "itHelp_Objc" */ = {
			isa = XCConfigurationList;
			buildConfigurations = (
				9AB8D6A124B9B75C00515002 /* Debug */,
				9AB8D6A224B9B75C00515002 /* Release */,
			);
			defaultConfigurationIsVisible = 0;
			defaultConfigurationName = Release;
		};
		9AB8D6C924B9B78B00515002 /* Build configuration list for PBXNativeTarget "objc_iOS" */ = {
			isa = XCConfigurationList;
			buildConfigurations = (
				9AB8D6CA24B9B78B00515002 /* Debug */,
				9AB8D6CB24B9B78B00515002 /* Release */,
			);
			defaultConfigurationIsVisible = 0;
			defaultConfigurationName = Release;
		};
		9AB8D6CC24B9B78B00515002 /* Build configuration list for PBXNativeTarget "objc_iOSTests" */ = {
			isa = XCConfigurationList;
			buildConfigurations = (
				9AB8D6CD24B9B78B00515002 /* Debug */,
				9AB8D6CE24B9B78B00515002 /* Release */,
			);
			defaultConfigurationIsVisible = 0;
			defaultConfigurationName = Release;
		};
		9AB8D6EB24B9B7EA00515002 /* Build configuration list for PBXNativeTarget "Core" */ = {
			isa = XCConfigurationList;
			buildConfigurations = (
				9AB8D6EC24B9B7EA00515002 /* Debug */,
				9AB8D6ED24B9B7EA00515002 /* Release */,
			);
			defaultConfigurationIsVisible = 0;
			defaultConfigurationName = Release;
		};
		9AB8D6EF24B9B7EA00515002 /* Build configuration list for PBXNativeTarget "CoreTests" */ = {
			isa = XCConfigurationList;
			buildConfigurations = (
				9AB8D6F024B9B7EA00515002 /* Debug */,
				9AB8D6F124B9B7EA00515002 /* Release */,
			);
			defaultConfigurationIsVisible = 0;
			defaultConfigurationName = Release;
		};
		A79D678824BECF8500E2903C /* Build configuration list for PBXNativeTarget "Basic C main" */ = {
			isa = XCConfigurationList;
			buildConfigurations = (
				A79D678924BECF8500E2903C /* Debug */,
				A79D678A24BECF8500E2903C /* Release */,
			);
			defaultConfigurationIsVisible = 0;
			defaultConfigurationName = Release;
		};
/* End XCConfigurationList section */
	};
	rootObject = 9AB8D69D24B9B75C00515002 /* Project object */;
}
